
Microsoft Visual Studio Solution File, Format Version 12.00
# Visual Studio Version 17
VisualStudioVersion = 17.14.36414.22 d17.14
MinimumVisualStudioVersion = 10.0.40219.1
Project("{FAE04EC0-301F-11D3-BF4B-00C04F79EFBC}") = "numbersApi", "numbersApi\numbersApi.csproj", "{6EF901D9-D7E2-48DA-902E-B843A248EE53}"
EndProject
Global
	GlobalSection(SolutionConfigurationPlatforms) = preSolution
		Debug|Any CPU = Debug|Any CPU
		Release|Any CPU = Release|Any CPU
	EndGlobalSection
	GlobalSection(ProjectConfigurationPlatforms) = postSolution
		{6EF901D9-D7E2-48DA-902E-B843A248EE53}.Debug|Any CPU.ActiveCfg = Debug|Any CPU
		{6EF901D9-D7E2-48DA-902E-B843A248EE53}.Debug|Any CPU.Build.0 = Debug|Any CPU
		{6EF901D9-D7E2-48DA-902E-B843A248EE53}.Release|Any CPU.ActiveCfg = Release|Any CPU
		{6EF901D9-D7E2-48DA-902E-B843A248EE53}.Release|Any CPU.Build.0 = Release|Any CPU
	EndGlobalSection
	GlobalSection(SolutionProperties) = preSolution
		HideSolutionNode = FALSE
	EndGlobalSection
	GlobalSection(ExtensibilityGlobals) = postSolution
		SolutionGuid = {5C665322-6E1C-4B70-8551-1EB8EDED4C76}
	EndGlobalSection
EndGlobal
